
Microsoft Visual Studio Solution File, Format Version 12.00
# Visual Studio Version 16
VisualStudioVersion = 16.0.30413.136
MinimumVisualStudioVersion = 10.0.40219.1
Project("{FAE04EC0-301F-11D3-BF4B-00C04F79EFBC}") = "Lesson_VBU", "Lesson_VBU\Lesson_VBU.csproj", "{18C94940-D4C4-417D-8F87-250E5BEAD697}"
EndProject
Global
	GlobalSection(SolutionConfigurationPlatforms) = preSolution
		Debug|Any CPU = Debug|Any CPU
		Release|Any CPU = Release|Any CPU
	EndGlobalSection
	GlobalSection(ProjectConfigurationPlatforms) = postSolution
		{18C94940-D4C4-417D-8F87-250E5BEAD697}.Debug|Any CPU.ActiveCfg = Debug|Any CPU
		{18C94940-D4C4-417D-8F87-250E5BEAD697}.Debug|Any CPU.Build.0 = Debug|Any CPU
		{18C94940-D4C4-417D-8F87-250E5BEAD697}.Release|Any CPU.ActiveCfg = Release|Any CPU
		{18C94940-D4C4-417D-8F87-250E5BEAD697}.Release|Any CPU.Build.0 = Release|Any CPU
	EndGlobalSection
	GlobalSection(SolutionProperties) = preSolution
		HideSolutionNode = FALSE
	EndGlobalSection
	GlobalSection(ExtensibilityGlobals) = postSolution
		SolutionGuid = {E8CF457B-264F-4127-9D5B-E96491B9B262}
	EndGlobalSection
EndGlobal
